
Microsoft Visual Studio Solution File, Format Version 12.00
# Visual Studio 15
VisualStudioVersion = 15.0.27703.2018
MinimumVisualStudioVersion = 10.0.40219.1
Project("{FAE04EC0-301F-11D3-BF4B-00C04F79EFBC}") = "RecorridoWPF", "RecorridoWPF\RecorridoWPF.csproj", "{AD6EAF77-9573-4929-8876-F7CC30F3D8EA}"
EndProject
Global
	GlobalSection(SolutionConfigurationPlatforms) = preSolution
		Debug|Any CPU = Debug|Any CPU
		Release|Any CPU = Release|Any CPU
	EndGlobalSection
	GlobalSection(ProjectConfigurationPlatforms) = postSolution
		{AD6EAF77-9573-4929-8876-F7CC30F3D8EA}.Debug|Any CPU.ActiveCfg = Debug|Any CPU
		{AD6EAF77-9573-4929-8876-F7CC30F3D8EA}.Debug|Any CPU.Build.0 = Debug|Any CPU
		{AD6EAF77-9573-4929-8876-F7CC30F3D8EA}.Release|Any CPU.ActiveCfg = Release|Any CPU
		{AD6EAF77-9573-4929-8876-F7CC30F3D8EA}.Release|Any CPU.Build.0 = Release|Any CPU
	EndGlobalSection
	GlobalSection(SolutionProperties) = preSolution
		HideSolutionNode = FALSE
	EndGlobalSection
	GlobalSection(ExtensibilityGlobals) = postSolution
		SolutionGuid = {3D4C3EFD-30EA-4CCF-B6D7-B62BB1759B9D}
	EndGlobalSection
EndGlobal
